
Microsoft Visual Studio Solution File, Format Version 12.00
# Visual Studio 14
VisualStudioVersion = 14.0.25420.1
MinimumVisualStudioVersion = 10.0.40219.1
Project("{FAE04EC0-301F-11D3-BF4B-00C04F79EFBC}") = "ORM", "ORM\ORM.csproj", "{36082510-625E-43B2-85CA-025759CB4E36}"
EndProject
Project("{FAE04EC0-301F-11D3-BF4B-00C04F79EFBC}") = "ConsoleApp", "ConsoleApp\ConsoleApp.csproj", "{C917F896-8079-4470-B20B-8E6FC8C4A52D}"
EndProject
Project("{FAE04EC0-301F-11D3-BF4B-00C04F79EFBC}") = "CourseLearning.DAL", "CourseLearning.DAL\CourseLearning.DAL.csproj", "{C0FE4892-B4C9-4A45-AB70-38DC687F2632}"
EndProject
Project("{FAE04EC0-301F-11D3-BF4B-00C04F79EFBC}") = "CourseLearning.DAL.Interface", "CourseLearning.DAL.Interface\CourseLearning.DAL.Interface.csproj", "{E0EE9099-05E7-48D2-BBF4-FA103C19811A}"
EndProject
Project("{FAE04EC0-301F-11D3-BF4B-00C04F79EFBC}") = "CourseLearning.Model", "CourseLearning.Model\CourseLearning.Model.csproj", "{ADD25456-D448-4FE8-92B1-4EF974B30FBB}"
EndProject
Project("{FAE04EC0-301F-11D3-BF4B-00C04F79EFBC}") = "CourseLearning.WebAPI", "CourseLearning.WebAPI\CourseLearning.WebAPI.csproj", "{1BB18D79-73C8-4F09-B601-2604B78C6E78}"
EndProject
Project("{FAE04EC0-301F-11D3-BF4B-00C04F79EFBC}") = "CourseLearning.Web", "CourseLearning.Web\CourseLearning.Web.csproj", "{F6044133-F94D-428C-B971-823492F4D544}"
EndProject
Project("{FAE04EC0-301F-11D3-BF4B-00C04F79EFBC}") = "CourseLearning.DependencyResolver", "CourseLearning.DependencyResolver\CourseLearning.DependencyResolver.csproj", "{26078FC0-7C8C-4466-B372-166570547D95}"
EndProject
Project("{FAE04EC0-301F-11D3-BF4B-00C04F79EFBC}") = "CourseLearning.Application.Interface", "CourseLearning.Application.Interface\CourseLearning.Application.Interface.csproj", "{6C1C2207-B678-4A91-AFDA-DD62208D8A9A}"
EndProject
Project("{FAE04EC0-301F-11D3-BF4B-00C04F79EFBC}") = "CourseLearning.Application", "CourseLearning.Application\CourseLearning.Application.csproj", "{C50F48F3-7C9E-41C3-9A0B-7BCB3149EC5F}"
EndProject
Project("{FAE04EC0-301F-11D3-BF4B-00C04F79EFBC}") = "CourseLearning.Model.DTO", "CourseLearning.Model.DTO\CourseLearning.Model.DTO.csproj", "{40C75AC0-A150-435E-9F3D-CC4426EBCDA0}"
EndProject
Global
	GlobalSection(SolutionConfigurationPlatforms) = preSolution
		Debug|Any CPU = Debug|Any CPU
		Release|Any CPU = Release|Any CPU
	EndGlobalSection
	GlobalSection(ProjectConfigurationPlatforms) = postSolution
		{36082510-625E-43B2-85CA-025759CB4E36}.Debug|Any CPU.ActiveCfg = Debug|Any CPU
		{36082510-625E-43B2-85CA-025759CB4E36}.Debug|Any CPU.Build.0 = Debug|Any CPU
		{36082510-625E-43B2-85CA-025759CB4E36}.Release|Any CPU.ActiveCfg = Release|Any CPU
		{36082510-625E-43B2-85CA-025759CB4E36}.Release|Any CPU.Build.0 = Release|Any CPU
		{C917F896-8079-4470-B20B-8E6FC8C4A52D}.Debug|Any CPU.ActiveCfg = Debug|Any CPU
		{C917F896-8079-4470-B20B-8E6FC8C4A52D}.Debug|Any CPU.Build.0 = Debug|Any CPU
		{C917F896-8079-4470-B20B-8E6FC8C4A52D}.Release|Any CPU.ActiveCfg = Release|Any CPU
		{C917F896-8079-4470-B20B-8E6FC8C4A52D}.Release|Any CPU.Build.0 = Release|Any CPU
		{C0FE4892-B4C9-4A45-AB70-38DC687F2632}.Debug|Any CPU.ActiveCfg = Debug|Any CPU
		{C0FE4892-B4C9-4A45-AB70-38DC687F2632}.Debug|Any CPU.Build.0 = Debug|Any CPU
		{C0FE4892-B4C9-4A45-AB70-38DC687F2632}.Release|Any CPU.ActiveCfg = Release|Any CPU
		{C0FE4892-B4C9-4A45-AB70-38DC687F2632}.Release|Any CPU.Build.0 = Release|Any CPU
		{E0EE9099-05E7-48D2-BBF4-FA103C19811A}.Debug|Any CPU.ActiveCfg = Debug|Any CPU
		{E0EE9099-05E7-48D2-BBF4-FA103C19811A}.Debug|Any CPU.Build.0 = Debug|Any CPU
		{E0EE9099-05E7-48D2-BBF4-FA103C19811A}.Release|Any CPU.ActiveCfg = Release|Any CPU
		{E0EE9099-05E7-48D2-BBF4-FA103C19811A}.Release|Any CPU.Build.0 = Release|Any CPU
		{ADD25456-D448-4FE8-92B1-4EF974B30FBB}.Debug|Any CPU.ActiveCfg = Debug|Any CPU
		{ADD25456-D448-4FE8-92B1-4EF974B30FBB}.Debug|Any CPU.Build.0 = Debug|Any CPU
		{ADD25456-D448-4FE8-92B1-4EF974B30FBB}.Release|Any CPU.ActiveCfg = Release|Any CPU
		{ADD25456-D448-4FE8-92B1-4EF974B30FBB}.Release|Any CPU.Build.0 = Release|Any CPU
		{1BB18D79-73C8-4F09-B601-2604B78C6E78}.Debug|Any CPU.ActiveCfg = Debug|Any CPU
		{1BB18D79-73C8-4F09-B601-2604B78C6E78}.Debug|Any CPU.Build.0 = Debug|Any CPU
		{1BB18D79-73C8-4F09-B601-2604B78C6E78}.Release|Any CPU.ActiveCfg = Release|Any CPU
		{1BB18D79-73C8-4F09-B601-2604B78C6E78}.Release|Any CPU.Build.0 = Release|Any CPU
		{F6044133-F94D-428C-B971-823492F4D544}.Debug|Any CPU.ActiveCfg = Debug|Any CPU
		{F6044133-F94D-428C-B971-823492F4D544}.Debug|Any CPU.Build.0 = Debug|Any CPU
		{F6044133-F94D-428C-B971-823492F4D544}.Release|Any CPU.ActiveCfg = Release|Any CPU
		{F6044133-F94D-428C-B971-823492F4D544}.Release|Any CPU.Build.0 = Release|Any CPU
		{26078FC0-7C8C-4466-B372-166570547D95}.Debug|Any CPU.ActiveCfg = Debug|Any CPU
		{26078FC0-7C8C-4466-B372-166570547D95}.Debug|Any CPU.Build.0 = Debug|Any CPU
		{26078FC0-7C8C-4466-B372-166570547D95}.Release|Any CPU.ActiveCfg = Release|Any CPU
		{26078FC0-7C8C-4466-B372-166570547D95}.Release|Any CPU.Build.0 = Release|Any CPU
		{6C1C2207-B678-4A91-AFDA-DD62208D8A9A}.Debug|Any CPU.ActiveCfg = Debug|Any CPU
		{6C1C2207-B678-4A91-AFDA-DD62208D8A9A}.Debug|Any CPU.Build.0 = Debug|Any CPU
		{6C1C2207-B678-4A91-AFDA-DD62208D8A9A}.Release|Any CPU.ActiveCfg = Release|Any CPU
		{6C1C2207-B678-4A91-AFDA-DD62208D8A9A}.Release|Any CPU.Build.0 = Release|Any CPU
		{C50F48F3-7C9E-41C3-9A0B-7BCB3149EC5F}.Debug|Any CPU.ActiveCfg = Debug|Any CPU
		{C50F48F3-7C9E-41C3-9A0B-7BCB3149EC5F}.Debug|Any CPU.Build.0 = Debug|Any CPU
		{C50F48F3-7C9E-41C3-9A0B-7BCB3149EC5F}.Release|Any CPU.ActiveCfg = Release|Any CPU
		{C50F48F3-7C9E-41C3-9A0B-7BCB3149EC5F}.Release|Any CPU.Build.0 = Release|Any CPU
		{40C75AC0-A150-435E-9F3D-CC4426EBCDA0}.Debug|Any CPU.ActiveCfg = Debug|Any CPU
		{40C75AC0-A150-435E-9F3D-CC4426EBCDA0}.Debug|Any CPU.Build.0 = Debug|Any CPU
		{40C75AC0-A150-435E-9F3D-CC4426EBCDA0}.Release|Any CPU.ActiveCfg = Release|Any CPU
		{40C75AC0-A150-435E-9F3D-CC4426EBCDA0}.Release|Any CPU.Build.0 = Release|Any CPU
	EndGlobalSection
	GlobalSection(SolutionProperties) = preSolution
		HideSolutionNode = FALSE
	EndGlobalSection
EndGlobal
