
Microsoft Visual Studio Solution File, Format Version 12.00
# Visual Studio 14
VisualStudioVersion = 14.0.25420.1
MinimumVisualStudioVersion = 10.0.40219.1
Project("{FAE04EC0-301F-11D3-BF4B-00C04F79EFBC}") = "ORM", "ORM\ORM.csproj", "{36082510-625E-43B2-85CA-025759CB4E36}"
EndProject
Project("{FAE04EC0-301F-11D3-BF4B-00C04F79EFBC}") = "ConsoleApp", "ConsoleApp\ConsoleApp.csproj", "{C917F896-8079-4470-B20B-8E6FC8C4A52D}"
EndProject
Project("{FAE04EC0-301F-11D3-BF4B-00C04F79EFBC}") = "CourseLearning.DAL", "CourseLearning.DAL\CourseLearning.DAL.csproj", "{C0FE4892-B4C9-4A45-AB70-38DC687F2632}"
EndProject
Project("{FAE04EC0-301F-11D3-BF4B-00C04F79EFBC}") = "CourseLearning.DAL.Interface", "CourseLearning.DAL.Interface\CourseLearning.DAL.Interface.csproj", "{E0EE9099-05E7-48D2-BBF4-FA103C19811A}"
EndProject
Project("{FAE04EC0-301F-11D3-BF4B-00C04F79EFBC}") = "CourseLearning.Model", "CourseLearning.Model\CourseLearning.Model.csproj", "{ADD25456-D448-4FE8-92B1-4EF974B30FBB}"
EndProject
Global
	GlobalSection(SolutionConfigurationPlatforms) = preSolution
		Debug|Any CPU = Debug|Any CPU
		Release|Any CPU = Release|Any CPU
	EndGlobalSection
	GlobalSection(ProjectConfigurationPlatforms) = postSolution
		{36082510-625E-43B2-85CA-025759CB4E36}.Debug|Any CPU.ActiveCfg = Debug|Any CPU
		{36082510-625E-43B2-85CA-025759CB4E36}.Debug|Any CPU.Build.0 = Debug|Any CPU
		{36082510-625E-43B2-85CA-025759CB4E36}.Release|Any CPU.ActiveCfg = Release|Any CPU
		{36082510-625E-43B2-85CA-025759CB4E36}.Release|Any CPU.Build.0 = Release|Any CPU
		{C917F896-8079-4470-B20B-8E6FC8C4A52D}.Debug|Any CPU.ActiveCfg = Debug|Any CPU
		{C917F896-8079-4470-B20B-8E6FC8C4A52D}.Debug|Any CPU.Build.0 = Debug|Any CPU
		{C917F896-8079-4470-B20B-8E6FC8C4A52D}.Release|Any CPU.ActiveCfg = Release|Any CPU
		{C917F896-8079-4470-B20B-8E6FC8C4A52D}.Release|Any CPU.Build.0 = Release|Any CPU
		{C0FE4892-B4C9-4A45-AB70-38DC687F2632}.Debug|Any CPU.ActiveCfg = Debug|Any CPU
		{C0FE4892-B4C9-4A45-AB70-38DC687F2632}.Debug|Any CPU.Build.0 = Debug|Any CPU
		{C0FE4892-B4C9-4A45-AB70-38DC687F2632}.Release|Any CPU.ActiveCfg = Release|Any CPU
		{C0FE4892-B4C9-4A45-AB70-38DC687F2632}.Release|Any CPU.Build.0 = Release|Any CPU
		{E0EE9099-05E7-48D2-BBF4-FA103C19811A}.Debug|Any CPU.ActiveCfg = Debug|Any CPU
		{E0EE9099-05E7-48D2-BBF4-FA103C19811A}.Debug|Any CPU.Build.0 = Debug|Any CPU
		{E0EE9099-05E7-48D2-BBF4-FA103C19811A}.Release|Any CPU.ActiveCfg = Release|Any CPU
		{E0EE9099-05E7-48D2-BBF4-FA103C19811A}.Release|Any CPU.Build.0 = Release|Any CPU
		{ADD25456-D448-4FE8-92B1-4EF974B30FBB}.Debug|Any CPU.ActiveCfg = Debug|Any CPU
		{ADD25456-D448-4FE8-92B1-4EF974B30FBB}.Debug|Any CPU.Build.0 = Debug|Any CPU
		{ADD25456-D448-4FE8-92B1-4EF974B30FBB}.Release|Any CPU.ActiveCfg = Release|Any CPU
		{ADD25456-D448-4FE8-92B1-4EF974B30FBB}.Release|Any CPU.Build.0 = Release|Any CPU
	EndGlobalSection
	GlobalSection(SolutionProperties) = preSolution
		HideSolutionNode = FALSE
	EndGlobalSection
EndGlobal
